
Microsoft Visual Studio Solution File, Format Version 12.00
# Visual Studio Version 17
VisualStudioVersion = 17.2.32616.157
MinimumVisualStudioVersion = 10.0.40219.1
Project("{9A19103F-16F7-4668-BE54-9A1E7A4F7556}") = "Client", "Client\Client.csproj", "{5C014B61-1140-4741-9855-8D0AC69442D0}"
EndProject
Project("{9A19103F-16F7-4668-BE54-9A1E7A4F7556}") = "Car_Dealership_App.Models", "Car_Dealership_App.Models\Car_Dealership_App.Models.csproj", "{8D73AEF7-02EE-4534-9F9D-0CF286818711}"
EndProject
Project("{9A19103F-16F7-4668-BE54-9A1E7A4F7556}") = "Car_Dealership_App.Repository", "Car_Dealership_App.Repository\Car_Dealership_App.Repository.csproj", "{3AE208AD-1FC8-47BF-B5A0-573ECE3C7044}"
EndProject
Project("{FAE04EC0-301F-11D3-BF4B-00C04F79EFBC}") = "Logic", "Logic\Logic.csproj", "{93C711D0-F9A1-4DA3-A799-6A8CED4FF408}"
EndProject
Global
	GlobalSection(SolutionConfigurationPlatforms) = preSolution
		Debug|Any CPU = Debug|Any CPU
		Release|Any CPU = Release|Any CPU
	EndGlobalSection
	GlobalSection(ProjectConfigurationPlatforms) = postSolution
		{5C014B61-1140-4741-9855-8D0AC69442D0}.Debug|Any CPU.ActiveCfg = Debug|Any CPU
		{5C014B61-1140-4741-9855-8D0AC69442D0}.Debug|Any CPU.Build.0 = Debug|Any CPU
		{5C014B61-1140-4741-9855-8D0AC69442D0}.Release|Any CPU.ActiveCfg = Release|Any CPU
		{5C014B61-1140-4741-9855-8D0AC69442D0}.Release|Any CPU.Build.0 = Release|Any CPU
		{8D73AEF7-02EE-4534-9F9D-0CF286818711}.Debug|Any CPU.ActiveCfg = Debug|Any CPU
		{8D73AEF7-02EE-4534-9F9D-0CF286818711}.Debug|Any CPU.Build.0 = Debug|Any CPU
		{8D73AEF7-02EE-4534-9F9D-0CF286818711}.Release|Any CPU.ActiveCfg = Release|Any CPU
		{8D73AEF7-02EE-4534-9F9D-0CF286818711}.Release|Any CPU.Build.0 = Release|Any CPU
		{3AE208AD-1FC8-47BF-B5A0-573ECE3C7044}.Debug|Any CPU.ActiveCfg = Debug|Any CPU
		{3AE208AD-1FC8-47BF-B5A0-573ECE3C7044}.Debug|Any CPU.Build.0 = Debug|Any CPU
		{3AE208AD-1FC8-47BF-B5A0-573ECE3C7044}.Release|Any CPU.ActiveCfg = Release|Any CPU
		{3AE208AD-1FC8-47BF-B5A0-573ECE3C7044}.Release|Any CPU.Build.0 = Release|Any CPU
		{93C711D0-F9A1-4DA3-A799-6A8CED4FF408}.Debug|Any CPU.ActiveCfg = Debug|Any CPU
		{93C711D0-F9A1-4DA3-A799-6A8CED4FF408}.Debug|Any CPU.Build.0 = Debug|Any CPU
		{93C711D0-F9A1-4DA3-A799-6A8CED4FF408}.Release|Any CPU.ActiveCfg = Release|Any CPU
		{93C711D0-F9A1-4DA3-A799-6A8CED4FF408}.Release|Any CPU.Build.0 = Release|Any CPU
	EndGlobalSection
	GlobalSection(SolutionProperties) = preSolution
		HideSolutionNode = FALSE
	EndGlobalSection
	GlobalSection(ExtensibilityGlobals) = postSolution
		SolutionGuid = {D21AEF60-EE62-47EC-993F-ADAE032432E4}
	EndGlobalSection
EndGlobal
